// !$*UTF8*$!
{
	archiveVersion = 1;
	classes = {
	};
	objectVersion = 48;
	objects = {

/* Begin PBXBuildFile section */
		B8E3B71A20417A8E007F4C88 /* AppDelegate.swift in Sources */ = {isa = PBXBuildFile; fileRef = B8E3B71920417A8E007F4C88 /* AppDelegate.swift */; };
		B8E3B71C20417A8E007F4C88 /* ViewController.swift in Sources */ = {isa = PBXBuildFile; fileRef = B8E3B71B20417A8E007F4C88 /* ViewController.swift */; };
		B8E3B71F20417A8E007F4C88 /* Main.storyboard in Resources */ = {isa = PBXBuildFile; fileRef = B8E3B71D20417A8E007F4C88 /* Main.storyboard */; };
		B8E3B72220417A8E007F4C88 /* CoreData_101.xcdatamodeld in Sources */ = {isa = PBXBuildFile; fileRef = B8E3B72020417A8E007F4C88 /* CoreData_101.xcdatamodeld */; };
		B8E3B72420417A8E007F4C88 /* Assets.xcassets in Resources */ = {isa = PBXBuildFile; fileRef = B8E3B72320417A8E007F4C88 /* Assets.xcassets */; };
		B8E3B72720417A8E007F4C88 /* LaunchScreen.storyboard in Resources */ = {isa = PBXBuildFile; fileRef = B8E3B72520417A8E007F4C88 /* LaunchScreen.storyboard */; };
/* End PBXBuildFile section */

/* Begin PBXFileReference section */
		B8E3B71620417A8E007F4C88 /* CoreData_101.app */ = {isa = PBXFileReference; explicitFileType = wrapper.application; includeInIndex = 0; path = CoreData_101.app; sourceTree = BUILT_PRODUCTS_DIR; };
		B8E3B71920417A8E007F4C88 /* AppDelegate.swift */ = {isa = PBXFileReference; lastKnownFileType = sourcecode.swift; path = AppDelegate.swift; sourceTree = "<group>"; };
		B8E3B71B20417A8E007F4C88 /* ViewController.swift */ = {isa = PBXFileReference; lastKnownFileType = sourcecode.swift; path = ViewController.swift; sourceTree = "<group>"; };
		B8E3B71E20417A8E007F4C88 /* Base */ = {isa = PBXFileReference; lastKnownFileType = file.storyboard; name = Base; path = Base.lproj/Main.storyboard; sourceTree = "<group>"; };
		B8E3B72120417A8E007F4C88 /* CoreData_101.xcdatamodel */ = {isa = PBXFileReference; lastKnownFileType = wrapper.xcdatamodel; path = CoreData_101.xcdatamodel; sourceTree = "<group>"; };
		B8E3B72320417A8E007F4C88 /* Assets.xcassets */ = {isa = PBXFileReference; lastKnownFileType = folder.assetcatalog; path = Assets.xcassets; sourceTree = "<group>"; };
		B8E3B72620417A8E007F4C88 /* Base */ = {isa = PBXFileReference; lastKnownFileType = file.storyboard; name = Base; path = Base.lproj/LaunchScreen.storyboard; sourceTree = "<group>"; };
		B8E3B72820417A8E007F4C88 /* Info.plist */ = {isa = PBXFileReference; lastKnownFileType = text.plist.xml; path = Info.plist; sourceTree = "<group>"; };
/* End PBXFileReference section */

/* Begin PBXFrameworksBuildPhase section */
		B8E3B71320417A8E007F4C88 /* Frameworks */ = {
			isa = PBXFrameworksBuildPhase;
			buildActionMask = 2147483647;
			files = (
			);
			runOnlyForDeploymentPostprocessing = 0;
		};
/* End PBXFrameworksBuildPhase section */

/* Begin PBXGroup section */
		B8E3B70D20417A8E007F4C88 = {
			isa = PBXGroup;
			children = (
				B8E3B71820417A8E007F4C88 /* CoreData_101 */,
				B8E3B71720417A8E007F4C88 /* Products */,
			);
			sourceTree = "<group>";
		};
		B8E3B71720417A8E007F4C88 /* Products */ = {
			isa = PBXGroup;
			children = (
				B8E3B71620417A8E007F4C88 /* CoreData_101.app */,
			);
			name = Products;
			sourceTree = "<group>";
		};
		B8E3B71820417A8E007F4C88 /* CoreData_101 */ = {
			isa = PBXGroup;
			children = (
				B8E3B71920417A8E007F4C88 /* AppDelegate.swift */,
				B8E3B71B20417A8E007F4C88 /* ViewController.swift */,
				B8E3B71D20417A8E007F4C88 /* Main.storyboard */,
				B8E3B72320417A8E007F4C88 /* Assets.xcassets */,
				B8E3B72520417A8E007F4C88 /* LaunchScreen.storyboard */,
				B8E3B72820417A8E007F4C88 /* Info.plist */,
				B8E3B72020417A8E007F4C88 /* CoreData_101.xcdatamodeld */,
			);
			path = CoreData_101;
			sourceTree = "<group>";
		};
/* End PBXGroup section */

/* Begin PBXNativeTarget section */
		B8E3B71520417A8E007F4C88 /* CoreData_101 */ = {
			isa = PBXNativeTarget;
			buildConfigurationList = B8E3B72B20417A8E007F4C88 /* Build configuration list for PBXNativeTarget "CoreData_101" */;
			buildPhases = (
				B8E3B71220417A8E007F4C88 /* Sources */,
				B8E3B71320417A8E007F4C88 /* Frameworks */,
				B8E3B71420417A8E007F4C88 /* Resources */,
			);
			buildRules = (
			);
			dependencies = (
			);
			name = CoreData_101;
			productName = CoreData_101;
			productReference = B8E3B71620417A8E007F4C88 /* CoreData_101.app */;
			productType = "com.apple.product-type.application";
		};
/* End PBXNativeTarget section */

/* Begin PBXProject section */
		B8E3B70E20417A8E007F4C88 /* Project object */ = {
			isa = PBXProject;
			attributes = {
				LastSwiftUpdateCheck = 0900;
				LastUpgradeCheck = 0900;
				ORGANIZATIONNAME = Lenny;
				TargetAttributes = {
					B8E3B71520417A8E007F4C88 = {
						CreatedOnToolsVersion = 9.0;
						ProvisioningStyle = Automatic;
					};
				};
			};
			buildConfigurationList = B8E3B71120417A8E007F4C88 /* Build configuration list for PBXProject "CoreData_101" */;
			compatibilityVersion = "Xcode 8.0";
			developmentRegion = en;
			hasScannedForEncodings = 0;
			knownRegions = (
				en,
				Base,
			);
			mainGroup = B8E3B70D20417A8E007F4C88;
			productRefGroup = B8E3B71720417A8E007F4C88 /* Products */;
			projectDirPath = "";
			projectRoot = "";
			targets = (
				B8E3B71520417A8E007F4C88 /* CoreData_101 */,
			);
		};
/* End PBXProject section */

/* Begin PBXResourcesBuildPhase section */
		B8E3B71420417A8E007F4C88 /* Resources */ = {
			isa = PBXResourcesBuildPhase;
			buildActionMask = 2147483647;
			files = (
				B8E3B72720417A8E007F4C88 /* LaunchScreen.storyboard in Resources */,
				B8E3B72420417A8E007F4C88 /* Assets.xcassets in Resources */,
				B8E3B71F20417A8E007F4C88 /* Main.storyboard in Resources */,
			);
			runOnlyForDeploymentPostprocessing = 0;
		};
/* End PBXResourcesBuildPhase section */

/* Begin PBXSourcesBuildPhase section */
		B8E3B71220417A8E007F4C88 /* Sources */ = {
			isa = PBXSourcesBuildPhase;
			buildActionMask = 2147483647;
			files = (
				B8E3B71C20417A8E007F4C88 /* ViewController.swift in Sources */,
				B8E3B72220417A8E007F4C88 /* CoreData_101.xcdatamodeld in Sources */,
				B8E3B71A20417A8E007F4C88 /* AppDelegate.swift in Sources */,
			);
			runOnlyForDeploymentPostprocessing = 0;
		};
/* End PBXSourcesBuildPhase section */

/* Begin PBXVariantGroup section */
		B8E3B71D20417A8E007F4C88 /* Main.storyboard */ = {
			isa = PBXVariantGroup;
			children = (
				B8E3B71E20417A8E007F4C88 /* Base */,
			);
			name = Main.storyboard;
			sourceTree = "<group>";
		};
		B8E3B72520417A8E007F4C88 /* LaunchScreen.storyboard */ = {
			isa = PBXVariantGroup;
			children = (
				B8E3B72620417A8E007F4C88 /* Base */,
			);
			name = LaunchScreen.storyboard;
			sourceTree = "<group>";
		};
/* End PBXVariantGroup section */

/* Begin XCBuildConfiguration section */
		B8E3B72920417A8E007F4C88 /* Debug */ = {
			isa = XCBuildConfiguration;
			buildSettings = {
				ALWAYS_SEARCH_USER_PATHS = NO;
				CLANG_ANALYZER_NONNULL = YES;
				CLANG_ANALYZER_NUMBER_OBJECT_CONVERSION = YES_AGGRESSIVE;
				CLANG_CXX_LANGUAGE_STANDARD = "gnu++14";
				CLANG_CXX_LIBRARY = "libc++";
				CLANG_ENABLE_MODULES = YES;
				CLANG_ENABLE_OBJC_ARC = YES;
				CLANG_WARN_BLOCK_CAPTURE_AUTORELEASING = YES;
				CLANG_WARN_BOOL_CONVERSION = YES;
				CLANG_WARN_COMMA = YES;
				CLANG_WARN_CONSTANT_CONVERSION = YES;
				CLANG_WARN_DIRECT_OBJC_ISA_USAGE = YES_ERROR;
				CLANG_WARN_DOCUMENTATION_COMMENTS = YES;
				CLANG_WARN_EMPTY_BODY = YES;
				CLANG_WARN_ENUM_CONVERSION = YES;
				CLANG_WARN_INFINITE_RECURSION = YES;
				CLANG_WARN_INT_CONVERSION = YES;
				CLANG_WARN_NON_LITERAL_NULL_CONVERSION = YES;
				CLANG_WARN_OBJC_LITERAL_CONVERSION = YES;
				CLANG_WARN_OBJC_ROOT_CLASS = YES_ERROR;
				CLANG_WARN_RANGE_LOOP_ANALYSIS = YES;
				CLANG_WARN_STRICT_PROTOTYPES = YES;
				CLANG_WARN_SUSPICIOUS_MOVE = YES;
				CLANG_WARN_UNGUARDED_AVAILABILITY = YES_AGGRESSIVE;
				CLANG_WARN_UNREACHABLE_CODE = YES;
				CLANG_WARN__DUPLICATE_METHOD_MATCH = YES;
				CODE_SIGN_IDENTITY = "iPhone Developer";
				COPY_PHASE_STRIP = NO;
				DEBUG_INFORMATION_FORMAT = dwarf;
				ENABLE_STRICT_OBJC_MSGSEND = YES;
				ENABLE_TESTABILITY = YES;
				GCC_C_LANGUAGE_STANDARD = gnu11;
				GCC_DYNAMIC_NO_PIC = NO;
				GCC_NO_COMMON_BLOCKS = YES;
				GCC_OPTIMIZATION_LEVEL = 0;
				GCC_PREPROCESSOR_DEFINITIONS = (
					"DEBUG=1",
					"$(inherited)",
				);
				GCC_WARN_64_TO_32_BIT_CONVERSION = YES;
				GCC_WARN_ABOUT_RETURN_TYPE = YES_ERROR;
				GCC_WARN_UNDECLARED_SELECTOR = YES;
				GCC_WARN_UNINITIALIZED_AUTOS = YES_AGGRESSIVE;
				GCC_WARN_UNUSED_FUNCTION = YES;
				GCC_WARN_UNUSED_VARIABLE = YES;
				IPHONEOS_DEPLOYMENT_TARGET = 11.0;
				MTL_ENABLE_DEBUG_INFO = YES;
				ONLY_ACTIVE_ARCH = YES;
				SDKROOT = iphoneos;
				SWIFT_ACTIVE_COMPILATION_CONDITIONS = DEBUG;
				SWIFT_OPTIMIZATION_LEVEL = "-Onone";
			};
			name = Debug;
		};
		B8E3B72A20417A8E007F4C88 /* Release */ = {
			isa = XCBuildConfiguration;
			buildSettings = {
				ALWAYS_SEARCH_USER_PATHS = NO;
				CLANG_ANALYZER_NONNULL = YES;
				CLANG_ANALYZER_NUMBER_OBJECT_CONVERSION = YES_AGGRESSIVE;
				CLANG_CXX_LANGUAGE_STANDARD = "gnu++14";
				CLANG_CXX_LIBRARY = "libc++";
				CLANG_ENABLE_MODULES = YES;
				CLANG_ENABLE_OBJC_ARC = YES;
				CLANG_WARN_BLOCK_CAPTURE_AUTORELEASING = YES;
				CLANG_WARN_BOOL_CONVERSION = YES;
				CLANG_WARN_COMMA = YES;
				CLANG_WARN_CONSTANT_CONVERSION = YES;
				CLANG_WARN_DIRECT_OBJC_ISA_USAGE = YES_ERROR;
				CLANG_WARN_DOCUMENTATION_COMMENTS = YES;
				CLANG_WARN_EMPTY_BODY = YES;
				CLANG_WARN_ENUM_CONVERSION = YES;
				CLANG_WARN_INFINITE_RECURSION = YES;
				CLANG_WARN_INT_CONVERSION = YES;
				CLANG_WARN_NON_LITERAL_NULL_CONVERSION = YES;
				CLANG_WARN_OBJC_LITERAL_CONVERSION = YES;
				CLANG_WARN_OBJC_ROOT_CLASS = YES_ERROR;
				CLANG_WARN_RANGE_LOOP_ANALYSIS = YES;
				CLANG_WARN_STRICT_PROTOTYPES = YES;
				CLANG_WARN_SUSPICIOUS_MOVE = YES;
				CLANG_WARN_UNGUARDED_AVAILABILITY = YES_AGGRESSIVE;
				CLANG_WARN_UNREACHABLE_CODE = YES;
				CLANG_WARN__DUPLICATE_METHOD_MATCH = YES;
				CODE_SIGN_IDENTITY = "iPhone Developer";
				COPY_PHASE_STRIP = NO;
				DEBUG_INFORMATION_FORMAT = "dwarf-with-dsym";
				ENABLE_NS_ASSERTIONS = NO;
				ENABLE_STRICT_OBJC_MSGSEND = YES;
				GCC_C_LANGUAGE_STANDARD = gnu11;
				GCC_NO_COMMON_BLOCKS = YES;
				GCC_WARN_64_TO_32_BIT_CONVERSION = YES;
				GCC_WARN_ABOUT_RETURN_TYPE = YES_ERROR;
				GCC_WARN_UNDECLARED_SELECTOR = YES;
				GCC_WARN_UNINITIALIZED_AUTOS = YES_AGGRESSIVE;
				GCC_WARN_UNUSED_FUNCTION = YES;
				GCC_WARN_UNUSED_VARIABLE = YES;
				IPHONEOS_DEPLOYMENT_TARGET = 11.0;
				MTL_ENABLE_DEBUG_INFO = NO;
				SDKROOT = iphoneos;
				SWIFT_OPTIMIZATION_LEVEL = "-Owholemodule";
				VALIDATE_PRODUCT = YES;
			};
			name = Release;
		};
		B8E3B72C20417A8E007F4C88 /* Debug */ = {
			isa = XCBuildConfiguration;
			buildSettings = {
				ASSETCATALOG_COMPILER_APPICON_NAME = AppIcon;
				CODE_SIGN_STYLE = Automatic;
				DEVELOPMENT_TEAM = 9C7QCPUSQQ;
				INFOPLIST_FILE = CoreData_101/Info.plist;
				LD_RUNPATH_SEARCH_PATHS = "$(inherited) @executable_path/Frameworks";
				PRODUCT_BUNDLE_IDENTIFIER = "com.lennychen.CoreData-101";
				PRODUCT_NAME = "$(TARGET_NAME)";
				SWIFT_VERSION = 4.0;
				TARGETED_DEVICE_FAMILY = "1,2";
			};
			name = Debug;
		};
		B8E3B72D20417A8E007F4C88 /* Release */ = {
			isa = XCBuildConfiguration;
			buildSettings = {
				ASSETCATALOG_COMPILER_APPICON_NAME = AppIcon;
				CODE_SIGN_STYLE = Automatic;
				DEVELOPMENT_TEAM = 9C7QCPUSQQ;
				INFOPLIST_FILE = CoreData_101/Info.plist;
				LD_RUNPATH_SEARCH_PATHS = "$(inherited) @executable_path/Frameworks";
				PRODUCT_BUNDLE_IDENTIFIER = "com.lennychen.CoreData-101";
				PRODUCT_NAME = "$(TARGET_NAME)";
				SWIFT_VERSION = 4.0;
				TARGETED_DEVICE_FAMILY = "1,2";
			};
			name = Release;
		};
/* End XCBuildConfiguration section */

/* Begin XCConfigurationList section */
		B8E3B71120417A8E007F4C88 /* Build configuration list for PBXProject "CoreData_101" */ = {
			isa = XCConfigurationList;
			buildConfigurations = (
				B8E3B72920417A8E007F4C88 /* Debug */,
				B8E3B72A20417A8E007F4C88 /* Release */,
			);
			defaultConfigurationIsVisible = 0;
			defaultConfigurationName = Release;
		};
		B8E3B72B20417A8E007F4C88 /* Build configuration list for PBXNativeTarget "CoreData_101" */ = {
			isa = XCConfigurationList;
			buildConfigurations = (
				B8E3B72C20417A8E007F4C88 /* Debug */,
				B8E3B72D20417A8E007F4C88 /* Release */,
			);
			defaultConfigurationIsVisible = 0;
			defaultConfigurationName = Release;
		};
/* End XCConfigurationList section */

/* Begin XCVersionGroup section */
		B8E3B72020417A8E007F4C88 /* CoreData_101.xcdatamodeld */ = {
			isa = XCVersionGroup;
			children = (
				B8E3B72120417A8E007F4C88 /* CoreData_101.xcdatamodel */,
			);
			currentVersion = B8E3B72120417A8E007F4C88 /* CoreData_101.xcdatamodel */;
			path = CoreData_101.xcdatamodeld;
			sourceTree = "<group>";
			versionGroupType = wrapper.xcdatamodel;
		};
/* End XCVersionGroup section */
	};
	rootObject = B8E3B70E20417A8E007F4C88 /* Project object */;
}
